
Microsoft Visual Studio Solution File, Format Version 12.00
# Visual Studio Version 16
VisualStudioVersion = 16.0.29709.97
MinimumVisualStudioVersion = 10.0.40219.1
Project("{FAE04EC0-301F-11D3-BF4B-00C04F79EFBC}") = "PQ-TiedonLaatuService", "PQ-TiedonLaatuService\PQ-TiedonLaatuService.csproj", "{AE7E71C2-09F5-42AF-B774-8EE19DE0A62A}"
EndProject
Global
	GlobalSection(SolutionConfigurationPlatforms) = preSolution
		Debug|Any CPU = Debug|Any CPU
		Release|Any CPU = Release|Any CPU
	EndGlobalSection
	GlobalSection(ProjectConfigurationPlatforms) = postSolution
		{AE7E71C2-09F5-42AF-B774-8EE19DE0A62A}.Debug|Any CPU.ActiveCfg = Debug|Any CPU
		{AE7E71C2-09F5-42AF-B774-8EE19DE0A62A}.Debug|Any CPU.Build.0 = Debug|Any CPU
		{AE7E71C2-09F5-42AF-B774-8EE19DE0A62A}.Release|Any CPU.ActiveCfg = Release|Any CPU
		{AE7E71C2-09F5-42AF-B774-8EE19DE0A62A}.Release|Any CPU.Build.0 = Release|Any CPU
	EndGlobalSection
	GlobalSection(SolutionProperties) = preSolution
		HideSolutionNode = FALSE
	EndGlobalSection
	GlobalSection(ExtensibilityGlobals) = postSolution
		SolutionGuid = {812D5C49-777C-4039-9140-5A9C983059EA}
	EndGlobalSection
EndGlobal
